
Microsoft Visual Studio Solution File, Format Version 12.00
# Visual Studio Version 17
VisualStudioVersion = 17.7.34202.233
MinimumVisualStudioVersion = 10.0.40219.1
Project("{FAE04EC0-301F-11D3-BF4B-00C04F79EFBC}") = "Lab3", "Lab3\Lab3.csproj", "{372C5B0B-75A9-44F3-BB0A-A10372AAAE63}"
EndProject
Global
	GlobalSection(SolutionConfigurationPlatforms) = preSolution
		Debug|Any CPU = Debug|Any CPU
		Release|Any CPU = Release|Any CPU
	EndGlobalSection
	GlobalSection(ProjectConfigurationPlatforms) = postSolution
		{372C5B0B-75A9-44F3-BB0A-A10372AAAE63}.Debug|Any CPU.ActiveCfg = Debug|Any CPU
		{372C5B0B-75A9-44F3-BB0A-A10372AAAE63}.Debug|Any CPU.Build.0 = Debug|Any CPU
		{372C5B0B-75A9-44F3-BB0A-A10372AAAE63}.Release|Any CPU.ActiveCfg = Release|Any CPU
		{372C5B0B-75A9-44F3-BB0A-A10372AAAE63}.Release|Any CPU.Build.0 = Release|Any CPU
	EndGlobalSection
	GlobalSection(SolutionProperties) = preSolution
		HideSolutionNode = FALSE
	EndGlobalSection
	GlobalSection(ExtensibilityGlobals) = postSolution
		SolutionGuid = {B61BAAE3-77F4-461B-91DF-AD8782AF810C}
	EndGlobalSection
EndGlobal
